// !$*UTF8*$!
{ archiveVersion = 1; classes = {}; objectVersion = 56; objects = {
4C226A68B7FEDA5DD0DBD1CF = { isa = PBXFileReference; lastKnownFileType = sourcecode.swift; path = "CalculatorModel.swift"; sourceTree = "<group>"; };
5DB2CA25A286E15BDCDEB44F = { isa = PBXBuildFile; fileRef = 4C226A68B7FEDA5DD0DBD1CF; };
16260C585190F1B74295BB31 = { isa = PBXFileReference; lastKnownFileType = sourcecode.swift; path = "ContentView.swift"; sourceTree = "<group>"; };
2A8F5CFFD87674FB2B9862C3 = { isa = PBXBuildFile; fileRef = 16260C585190F1B74295BB31; };
51467AFA7DDDDAA5DD093F60 = { isa = PBXFileReference; lastKnownFileType = sourcecode.swift; path = "Engine.swift"; sourceTree = "<group>"; };
38C8A35DC02185640B904571 = { isa = PBXBuildFile; fileRef = 51467AFA7DDDDAA5DD093F60; };
EC2BB6735FA527FBCD33847F = { isa = PBXFileReference; lastKnownFileType = sourcecode.swift; path = "ExpressionField.swift"; sourceTree = "<group>"; };
CE315D841DBAD4774D463E6E = { isa = PBXBuildFile; fileRef = EC2BB6735FA527FBCD33847F; };
2101FA24C8C53D2232950785 = { isa = PBXFileReference; lastKnownFileType = sourcecode.swift; path = "KeyboardView.swift"; sourceTree = "<group>"; };
5A74CE09E41ECDDCF85A6E0B = { isa = PBXBuildFile; fileRef = 2101FA24C8C53D2232950785; };
309C5C071EACA45CD06D0FFE = { isa = PBXFileReference; lastKnownFileType = sourcecode.swift; path = "Strings.swift"; sourceTree = "<group>"; };
22A0366069906F9269DFF74B = { isa = PBXBuildFile; fileRef = 309C5C071EACA45CD06D0FFE; };
1D036935C0A765BE91235116 = { isa = PBXFileReference; lastKnownFileType = sourcecode.swift; path = "WebCrunchApp.swift"; sourceTree = "<group>"; };
A74BE14FA24D05B79F91B724 = { isa = PBXBuildFile; fileRef = 1D036935C0A765BE91235116; };
4B655567243ECF438D16369F = { isa = PBXFileReference; lastKnownFileType = text; path = "Abicus-LICENSE.txt"; sourceTree = "<group>"; };
6C532EFA5E61D1690D9BFF5A = { isa = PBXBuildFile; fileRef = 4B655567243ECF438D16369F; };
C2E8B1BB9DDBC890713B3C26 = { isa = PBXFileReference; lastKnownFileType = text; path = "WebCrunch-LICENSE.txt"; sourceTree = "<group>"; };
17EC888AB49D4C68A15B2824 = { isa = PBXBuildFile; fileRef = C2E8B1BB9DDBC890713B3C26; };
C9EA54E323A2816FBAA63FDA = { isa = PBXFileReference; lastKnownFileType = sourcecode.javascript; path = "calculator.js"; sourceTree = "<group>"; };
55C765685AA35B692FBBB796 = { isa = PBXBuildFile; fileRef = C9EA54E323A2816FBAA63FDA; };
09B365E39A8652F1A8CAC4F5 = { isa = PBXFileReference; lastKnownFileType = text; path = "decimal.js-MIT.txt"; sourceTree = "<group>"; };
4B3500543F9FF10DD530DFB6 = { isa = PBXBuildFile; fileRef = 09B365E39A8652F1A8CAC4F5; };
7419A14AA0B90060511C76D2 = { isa = PBXFileReference; lastKnownFileType = text; path = "neverthrow-MIT.txt"; sourceTree = "<group>"; };
4334DC2E2DE65F64782B7F30 = { isa = PBXBuildFile; fileRef = 7419A14AA0B90060511C76D2; };
A03D6B8A1BC58329BB0F1FC4 = { isa = PBXFileReference; lastKnownFileType = text; path = "ts-pattern-MIT.txt"; sourceTree = "<group>"; };
B23E259D6333DC7B1309B712 = { isa = PBXBuildFile; fileRef = A03D6B8A1BC58329BB0F1FC4; };
6C36FFE920F24CEDB7CFDBFC = { isa = PBXFileReference; lastKnownFileType = folder.assetcatalog; path = "Assets.xcassets"; sourceTree = "<group>"; };
FB90684E69A6C96ED866993E = { isa = PBXBuildFile; fileRef = 6C36FFE920F24CEDB7CFDBFC; };
0189424A5A60FED329FA868E = { isa = PBXGroup; children = (4B655567243ECF438D16369F, C2E8B1BB9DDBC890713B3C26, C9EA54E323A2816FBAA63FDA, 09B365E39A8652F1A8CAC4F5, 7419A14AA0B90060511C76D2, A03D6B8A1BC58329BB0F1FC4,); path = "Resources"; sourceTree = "<group>"; };
7D1043473D55BFA90E8530D3 = { isa = PBXGroup; children = (4C226A68B7FEDA5DD0DBD1CF, 16260C585190F1B74295BB31, 51467AFA7DDDDAA5DD093F60, EC2BB6735FA527FBCD33847F, 2101FA24C8C53D2232950785, 309C5C071EACA45CD06D0FFE, 1D036935C0A765BE91235116, 6C36FFE920F24CEDB7CFDBFC, 0189424A5A60FED329FA868E,); path = "WebCrunch"; sourceTree = "<group>"; };
96452FC9898EC1DEBDF9518A = { isa = PBXFileReference; lastKnownFileType = sourcecode.swift; path = "EngineTests.swift"; sourceTree = "<group>"; };
9FF7EF5139240698F72AF079 = { isa = PBXBuildFile; fileRef = 96452FC9898EC1DEBDF9518A; };
4EB2FC1A14A979D4F1A90201 = { isa = PBXFileReference; lastKnownFileType = sourcecode.swift; path = "KeyboardTests.swift"; sourceTree = "<group>"; };
92E0605278209858EEACA2DC = { isa = PBXBuildFile; fileRef = 4EB2FC1A14A979D4F1A90201; };
04D13FD0AA6F0197CF2C9990 = { isa = PBXGroup; children = (96452FC9898EC1DEBDF9518A, 4EB2FC1A14A979D4F1A90201,); path = "WebCrunchTests"; sourceTree = "<group>"; };
9A6ADBF36397748E0D4E002A = { isa = PBXFileReference; explicitFileType = wrapper.application; path = WebCrunch.app; sourceTree = BUILT_PRODUCTS_DIR; };
EA4AD2D404AF16870887B6CB = { isa = PBXSourcesBuildPhase; buildActionMask = 2147483647; files = (5DB2CA25A286E15BDCDEB44F, 2A8F5CFFD87674FB2B9862C3, 38C8A35DC02185640B904571, CE315D841DBAD4774D463E6E, 5A74CE09E41ECDDCF85A6E0B, 22A0366069906F9269DFF74B, A74BE14FA24D05B79F91B724,); runOnlyForDeploymentPostprocessing = 0; };
9E95AAC92D480434B9D2A7CB = { isa = PBXFrameworksBuildPhase; buildActionMask = 2147483647; files = (); runOnlyForDeploymentPostprocessing = 0; };
24EA3E302BCFA909DFFD9F71 = { isa = PBXResourcesBuildPhase; buildActionMask = 2147483647; files = (6C532EFA5E61D1690D9BFF5A, 17EC888AB49D4C68A15B2824, 55C765685AA35B692FBBB796, 4B3500543F9FF10DD530DFB6, 4334DC2E2DE65F64782B7F30, B23E259D6333DC7B1309B712, FB90684E69A6C96ED866993E,); runOnlyForDeploymentPostprocessing = 0; };
85404BA80415CDDE2FB88624 = { isa = XCBuildConfiguration; name = Debug; buildSettings = { PRODUCT_NAME = "$(TARGET_NAME)"; PRODUCT_BUNDLE_IDENTIFIER = "fi.webcrunch.webcrunch"; SWIFT_VERSION = 5.0; SUPPORTED_PLATFORMS = "iphoneos iphonesimulator"; SUPPORTS_MACCATALYST = NO; IPHONEOS_DEPLOYMENT_TARGET = 17.0; TARGETED_DEVICE_FAMILY = "1,2"; GENERATE_INFOPLIST_FILE = YES; CODE_SIGN_STYLE = Automatic; MARKETING_VERSION = 0.1.0; CURRENT_PROJECT_VERSION = 1; SWIFT_EMIT_LOC_STRINGS = NO; INFOPLIST_KEY_UILaunchScreen_Generation = YES; INFOPLIST_KEY_UIApplicationSceneManifest_Generation = YES; INFOPLIST_KEY_UIApplicationSupportsIndirectInputEvents = YES; INFOPLIST_KEY_UISupportedInterfaceOrientations = "UIInterfaceOrientationPortrait UIInterfaceOrientationLandscapeLeft UIInterfaceOrientationLandscapeRight"; INFOPLIST_KEY_UISupportedInterfaceOrientations_iPad = "UIInterfaceOrientationPortrait UIInterfaceOrientationPortraitUpsideDown UIInterfaceOrientationLandscapeLeft UIInterfaceOrientationLandscapeRight"; INFOPLIST_KEY_CFBundleDisplayName = WebCrunch; ASSETCATALOG_COMPILER_APPICON_NAME = AppIcon; ENABLE_USER_SCRIPT_SANDBOXING = YES; }; };
8481A2C35FA56FB03EB8358A = { isa = XCBuildConfiguration; name = Release; buildSettings = { PRODUCT_NAME = "$(TARGET_NAME)"; PRODUCT_BUNDLE_IDENTIFIER = "fi.webcrunch.webcrunch"; SWIFT_VERSION = 5.0; SUPPORTED_PLATFORMS = "iphoneos iphonesimulator"; SUPPORTS_MACCATALYST = NO; IPHONEOS_DEPLOYMENT_TARGET = 17.0; TARGETED_DEVICE_FAMILY = "1,2"; GENERATE_INFOPLIST_FILE = YES; CODE_SIGN_STYLE = Automatic; MARKETING_VERSION = 0.1.0; CURRENT_PROJECT_VERSION = 1; SWIFT_EMIT_LOC_STRINGS = NO; INFOPLIST_KEY_UILaunchScreen_Generation = YES; INFOPLIST_KEY_UIApplicationSceneManifest_Generation = YES; INFOPLIST_KEY_UIApplicationSupportsIndirectInputEvents = YES; INFOPLIST_KEY_UISupportedInterfaceOrientations = "UIInterfaceOrientationPortrait UIInterfaceOrientationLandscapeLeft UIInterfaceOrientationLandscapeRight"; INFOPLIST_KEY_UISupportedInterfaceOrientations_iPad = "UIInterfaceOrientationPortrait UIInterfaceOrientationPortraitUpsideDown UIInterfaceOrientationLandscapeLeft UIInterfaceOrientationLandscapeRight"; INFOPLIST_KEY_CFBundleDisplayName = WebCrunch; ASSETCATALOG_COMPILER_APPICON_NAME = AppIcon; ENABLE_USER_SCRIPT_SANDBOXING = YES; }; };
8BFFA7F7473BA458F34D457D = { isa = XCConfigurationList; buildConfigurations = (85404BA80415CDDE2FB88624, 8481A2C35FA56FB03EB8358A,); defaultConfigurationIsVisible = 0; defaultConfigurationName = Release; };
F065481262FA8E57C0316333 = { isa = PBXNativeTarget; buildConfigurationList = 8BFFA7F7473BA458F34D457D; buildPhases = (EA4AD2D404AF16870887B6CB, 9E95AAC92D480434B9D2A7CB, 24EA3E302BCFA909DFFD9F71,); buildRules = (); dependencies = (); name = WebCrunch; productName = WebCrunch; productReference = 9A6ADBF36397748E0D4E002A; productType = "com.apple.product-type.application"; };
09F761FB0EA6CAE136C7BE74 = { isa = PBXFileReference; explicitFileType = wrapper.cfbundle; path = WebCrunchTests.xctest; sourceTree = BUILT_PRODUCTS_DIR; };
824C9FF595A1969C15AA8BCC = { isa = PBXSourcesBuildPhase; buildActionMask = 2147483647; files = (9FF7EF5139240698F72AF079,); runOnlyForDeploymentPostprocessing = 0; };
6AEDAB78C037E0F52C174863 = { isa = PBXFrameworksBuildPhase; buildActionMask = 2147483647; files = (); runOnlyForDeploymentPostprocessing = 0; };
92BB154FC8A1FFEC670E0F31 = { isa = PBXResourcesBuildPhase; buildActionMask = 2147483647; files = (); runOnlyForDeploymentPostprocessing = 0; };
019B2EEB4F5BFB31D8C6D230 = { isa = XCBuildConfiguration; name = Debug; buildSettings = { PRODUCT_NAME = "$(TARGET_NAME)"; PRODUCT_BUNDLE_IDENTIFIER = "fi.webcrunch.webcrunchtests"; SWIFT_VERSION = 5.0; SUPPORTED_PLATFORMS = "iphoneos iphonesimulator"; SUPPORTS_MACCATALYST = NO; IPHONEOS_DEPLOYMENT_TARGET = 17.0; TARGETED_DEVICE_FAMILY = "1,2"; GENERATE_INFOPLIST_FILE = YES; CODE_SIGN_STYLE = Automatic; MARKETING_VERSION = 0.1.0; CURRENT_PROJECT_VERSION = 1; SWIFT_EMIT_LOC_STRINGS = NO; TEST_HOST = "$(BUILT_PRODUCTS_DIR)/WebCrunch.app/$(BUNDLE_EXECUTABLE_FOLDER_PATH)/WebCrunch"; BUNDLE_LOADER = "$(TEST_HOST)"; }; };
970D8374780F5B0EEC263180 = { isa = XCBuildConfiguration; name = Release; buildSettings = { PRODUCT_NAME = "$(TARGET_NAME)"; PRODUCT_BUNDLE_IDENTIFIER = "fi.webcrunch.webcrunchtests"; SWIFT_VERSION = 5.0; SUPPORTED_PLATFORMS = "iphoneos iphonesimulator"; SUPPORTS_MACCATALYST = NO; IPHONEOS_DEPLOYMENT_TARGET = 17.0; TARGETED_DEVICE_FAMILY = "1,2"; GENERATE_INFOPLIST_FILE = YES; CODE_SIGN_STYLE = Automatic; MARKETING_VERSION = 0.1.0; CURRENT_PROJECT_VERSION = 1; SWIFT_EMIT_LOC_STRINGS = NO; TEST_HOST = "$(BUILT_PRODUCTS_DIR)/WebCrunch.app/$(BUNDLE_EXECUTABLE_FOLDER_PATH)/WebCrunch"; BUNDLE_LOADER = "$(TEST_HOST)"; }; };
4D6E13F2AAEA4553C1E7AAF0 = { isa = XCConfigurationList; buildConfigurations = (019B2EEB4F5BFB31D8C6D230, 970D8374780F5B0EEC263180,); defaultConfigurationIsVisible = 0; defaultConfigurationName = Release; };
EE272FDF386E225866911D46 = { isa = PBXContainerItemProxy; containerPortal = 98F54143AB4E86B28C3AFEE0; proxyType = 1; remoteGlobalIDString = F065481262FA8E57C0316333; remoteInfo = WebCrunch; };
DD62A71ED9BBDFABE8DF5BE3 = { isa = PBXTargetDependency; target = F065481262FA8E57C0316333; targetProxy = EE272FDF386E225866911D46; };
5462E1532E57ADF50C7D5480 = { isa = PBXNativeTarget; buildConfigurationList = 4D6E13F2AAEA4553C1E7AAF0; buildPhases = (824C9FF595A1969C15AA8BCC, 6AEDAB78C037E0F52C174863, 92BB154FC8A1FFEC670E0F31,); buildRules = (); dependencies = (DD62A71ED9BBDFABE8DF5BE3,); name = WebCrunchTests; productName = WebCrunchTests; productReference = 09F761FB0EA6CAE136C7BE74; productType = "com.apple.product-type.bundle.unit-test"; };
70ABE5A69CA51B9EF3EC526B = { isa = PBXFileReference; explicitFileType = wrapper.cfbundle; path = WebCrunchUITests.xctest; sourceTree = BUILT_PRODUCTS_DIR; };
710F9A17CF15008AD4AFD455 = { isa = PBXSourcesBuildPhase; buildActionMask = 2147483647; files = (92E0605278209858EEACA2DC,); runOnlyForDeploymentPostprocessing = 0; };
FC750FB10E95EA7702F6D1A7 = { isa = PBXFrameworksBuildPhase; buildActionMask = 2147483647; files = (); runOnlyForDeploymentPostprocessing = 0; };
9EFD546462D75156AC42CA25 = { isa = PBXResourcesBuildPhase; buildActionMask = 2147483647; files = (); runOnlyForDeploymentPostprocessing = 0; };
558CB17285C6D49E2D9BBF6A = { isa = XCBuildConfiguration; name = Debug; buildSettings = { PRODUCT_NAME = "$(TARGET_NAME)"; PRODUCT_BUNDLE_IDENTIFIER = "fi.webcrunch.webcrunchuitests"; SWIFT_VERSION = 5.0; SUPPORTED_PLATFORMS = "iphoneos iphonesimulator"; SUPPORTS_MACCATALYST = NO; IPHONEOS_DEPLOYMENT_TARGET = 17.0; TARGETED_DEVICE_FAMILY = "1,2"; GENERATE_INFOPLIST_FILE = YES; CODE_SIGN_STYLE = Automatic; MARKETING_VERSION = 0.1.0; CURRENT_PROJECT_VERSION = 1; SWIFT_EMIT_LOC_STRINGS = NO; TEST_TARGET_NAME = WebCrunch; }; };
C3702F75BFFD56E2E53CE8CC = { isa = XCBuildConfiguration; name = Release; buildSettings = { PRODUCT_NAME = "$(TARGET_NAME)"; PRODUCT_BUNDLE_IDENTIFIER = "fi.webcrunch.webcrunchuitests"; SWIFT_VERSION = 5.0; SUPPORTED_PLATFORMS = "iphoneos iphonesimulator"; SUPPORTS_MACCATALYST = NO; IPHONEOS_DEPLOYMENT_TARGET = 17.0; TARGETED_DEVICE_FAMILY = "1,2"; GENERATE_INFOPLIST_FILE = YES; CODE_SIGN_STYLE = Automatic; MARKETING_VERSION = 0.1.0; CURRENT_PROJECT_VERSION = 1; SWIFT_EMIT_LOC_STRINGS = NO; TEST_TARGET_NAME = WebCrunch; }; };
39501C0EBEEEE7D4666EFB8A = { isa = XCConfigurationList; buildConfigurations = (558CB17285C6D49E2D9BBF6A, C3702F75BFFD56E2E53CE8CC,); defaultConfigurationIsVisible = 0; defaultConfigurationName = Release; };
F18C750D8AA8182411467C5B = { isa = PBXContainerItemProxy; containerPortal = 98F54143AB4E86B28C3AFEE0; proxyType = 1; remoteGlobalIDString = F065481262FA8E57C0316333; remoteInfo = WebCrunch; };
7AB96E5DC238C47C2362EA8F = { isa = PBXTargetDependency; target = F065481262FA8E57C0316333; targetProxy = F18C750D8AA8182411467C5B; };
DCA9B8EB6365910AC096900F = { isa = PBXNativeTarget; buildConfigurationList = 39501C0EBEEEE7D4666EFB8A; buildPhases = (710F9A17CF15008AD4AFD455, FC750FB10E95EA7702F6D1A7, 9EFD546462D75156AC42CA25,); buildRules = (); dependencies = (7AB96E5DC238C47C2362EA8F,); name = WebCrunchUITests; productName = WebCrunchUITests; productReference = 70ABE5A69CA51B9EF3EC526B; productType = "com.apple.product-type.bundle.ui-testing"; };
FBDC4F23F93125BBEEAE800C = { isa = PBXGroup; children = (9A6ADBF36397748E0D4E002A, 09F761FB0EA6CAE136C7BE74, 70ABE5A69CA51B9EF3EC526B,); sourceTree = "<group>"; };
B28B7AF69320201D1CF206EB = { isa = PBXGroup; children = (7D1043473D55BFA90E8530D3, 04D13FD0AA6F0197CF2C9990, FBDC4F23F93125BBEEAE800C,); sourceTree = "<group>"; };
89E1FD6268CC0F221A2BE178 = { isa = XCBuildConfiguration; name = Debug; buildSettings = { SDKROOT = iphoneos; CLANG_ENABLE_MODULES = YES; SWIFT_OPTIMIZATION_LEVEL = "-Onone"; DEBUG_INFORMATION_FORMAT = dwarf; ENABLE_TESTABILITY = YES; }; };
E6DE6C99132752C914FEF632 = { isa = XCBuildConfiguration; name = Release; buildSettings = { SDKROOT = iphoneos; CLANG_ENABLE_MODULES = YES; SWIFT_OPTIMIZATION_LEVEL = "-O"; DEBUG_INFORMATION_FORMAT = dwarf; ENABLE_TESTABILITY = YES; }; };
F8C70E4123C9AE82C42562CC = { isa = XCConfigurationList; buildConfigurations = (89E1FD6268CC0F221A2BE178, E6DE6C99132752C914FEF632,); defaultConfigurationIsVisible = 0; defaultConfigurationName = Release; };
98F54143AB4E86B28C3AFEE0 = { isa = PBXProject; attributes = { LastUpgradeCheck = 2600; }; buildConfigurationList = F8C70E4123C9AE82C42562CC; compatibilityVersion = "Xcode 14.0"; developmentRegion = en; knownRegions = (en, fi, sv, Base); mainGroup = B28B7AF69320201D1CF206EB; productRefGroup = FBDC4F23F93125BBEEAE800C; projectDirPath = ""; projectRoot = ""; targets = (F065481262FA8E57C0316333, 5462E1532E57ADF50C7D5480, DCA9B8EB6365910AC096900F,); };
}; rootObject = 98F54143AB4E86B28C3AFEE0; }
